Microsoft Visual Studio Solution File, Format Version 12.00
# Visual Studio Version 16
VisualStudioVersion = 16.0.0.0
MinimumVisualStudioVersion = 16.0.0.0
Project("{9A19103F-16F7-4668-BE54-9A1E7A4F7556}") = "HostedBlazorWasmDemo.Server", "Server\HostedBlazorWasmDemo.Server.csproj", "{4E153D8E-5A03-42BE-83CE-ADA6DB4E82BB}"
EndProject
Project("{9A19103F-16F7-4668-BE54-9A1E7A4F7556}") = "HostedBlazorWasmDemo.Client", "Client\HostedBlazorWasmDemo.Client.csproj", "{A6E8CF60-E88A-4DFE-A970-AEBFD7522B67}"
EndProject
Project("{9A19103F-16F7-4668-BE54-9A1E7A4F7556}") = "HostedBlazorWasmDemo.Shared", "Shared\HostedBlazorWasmDemo.Shared.csproj", "{8B45129C-78B4-4F01-8ADA-168AF2E95C67}"
EndProject
Global
	GlobalSection(SolutionConfigurationPlatforms) = preSolution
		Debug|Any CPU = Debug|Any CPU
		Debug|x64 = Debug|x64
		Debug|x86 = Debug|x86
		Release|Any CPU = Release|Any CPU
		Release|x64 = Release|x64
		Release|x86 = Release|x86
	EndGlobalSection
	GlobalSection(ProjectConfigurationPlatforms) = postSolution
		{A6E8CF60-E88A-4DFE-A970-AEBFD7522B67}.Debug|Any CPU.ActiveCfg = Debug|Any CPU
		{A6E8CF60-E88A-4DFE-A970-AEBFD7522B67}.Debug|Any CPU.Build.0 = Debug|Any CPU
		{A6E8CF60-E88A-4DFE-A970-AEBFD7522B67}.Debug|x64.ActiveCfg = Debug|Any CPU
		{A6E8CF60-E88A-4DFE-A970-AEBFD7522B67}.Debug|x64.Build.0 = Debug|Any CPU
		{A6E8CF60-E88A-4DFE-A970-AEBFD7522B67}.Debug|x86.ActiveCfg = Debug|Any CPU
		{A6E8CF60-E88A-4DFE-A970-AEBFD7522B67}.Debug|x86.Build.0 = Debug|Any CPU
		{A6E8CF60-E88A-4DFE-A970-AEBFD7522B67}.Release|Any CPU.ActiveCfg = Release|Any CPU
		{A6E8CF60-E88A-4DFE-A970-AEBFD7522B67}.Release|Any CPU.Build.0 = Release|Any CPU
		{A6E8CF60-E88A-4DFE-A970-AEBFD7522B67}.Release|x64.ActiveCfg = Release|Any CPU
		{A6E8CF60-E88A-4DFE-A970-AEBFD7522B67}.Release|x64.Build.0 = Release|Any CPU
		{A6E8CF60-E88A-4DFE-A970-AEBFD7522B67}.Release|x86.ActiveCfg = Release|Any CPU
		{A6E8CF60-E88A-4DFE-A970-AEBFD7522B67}.Release|x86.Build.0 = Release|Any CPU
		{4E153D8E-5A03-42BE-83CE-ADA6DB4E82BB}.Debug|Any CPU.ActiveCfg = Debug|Any CPU
		{4E153D8E-5A03-42BE-83CE-ADA6DB4E82BB}.Debug|Any CPU.Build.0 = Debug|Any CPU
		{4E153D8E-5A03-42BE-83CE-ADA6DB4E82BB}.Debug|x64.ActiveCfg = Debug|Any CPU
		{4E153D8E-5A03-42BE-83CE-ADA6DB4E82BB}.Debug|x64.Build.0 = Debug|Any CPU
		{4E153D8E-5A03-42BE-83CE-ADA6DB4E82BB}.Debug|x86.ActiveCfg = Debug|Any CPU
		{4E153D8E-5A03-42BE-83CE-ADA6DB4E82BB}.Debug|x86.Build.0 = Debug|Any CPU
		{4E153D8E-5A03-42BE-83CE-ADA6DB4E82BB}.Release|Any CPU.ActiveCfg = Release|Any CPU
		{4E153D8E-5A03-42BE-83CE-ADA6DB4E82BB}.Release|Any CPU.Build.0 = Release|Any CPU
		{4E153D8E-5A03-42BE-83CE-ADA6DB4E82BB}.Release|x64.ActiveCfg = Release|Any CPU
		{4E153D8E-5A03-42BE-83CE-ADA6DB4E82BB}.Release|x64.Build.0 = Release|Any CPU
		{4E153D8E-5A03-42BE-83CE-ADA6DB4E82BB}.Release|x86.ActiveCfg = Release|Any CPU
		{4E153D8E-5A03-42BE-83CE-ADA6DB4E82BB}.Release|x86.Build.0 = Release|Any CPU
		{8B45129C-78B4-4F01-8ADA-168AF2E95C67}.Debug|Any CPU.ActiveCfg = Debug|Any CPU
		{8B45129C-78B4-4F01-8ADA-168AF2E95C67}.Debug|Any CPU.Build.0 = Debug|Any CPU
		{8B45129C-78B4-4F01-8ADA-168AF2E95C67}.Debug|x64.ActiveCfg = Debug|Any CPU
		{8B45129C-78B4-4F01-8ADA-168AF2E95C67}.Debug|x64.Build.0 = Debug|Any CPU
		{8B45129C-78B4-4F01-8ADA-168AF2E95C67}.Debug|x86.ActiveCfg = Debug|Any CPU
		{8B45129C-78B4-4F01-8ADA-168AF2E95C67}.Debug|x86.Build.0 = Debug|Any CPU
		{8B45129C-78B4-4F01-8ADA-168AF2E95C67}.Release|Any CPU.ActiveCfg = Release|Any CPU
		{8B45129C-78B4-4F01-8ADA-168AF2E95C67}.Release|Any CPU.Build.0 = Release|Any CPU
		{8B45129C-78B4-4F01-8ADA-168AF2E95C67}.Release|x64.ActiveCfg = Release|Any CPU
		{8B45129C-78B4-4F01-8ADA-168AF2E95C67}.Release|x64.Build.0 = Release|Any CPU
		{8B45129C-78B4-4F01-8ADA-168AF2E95C67}.Release|x86.ActiveCfg = Release|Any CPU
		{8B45129C-78B4-4F01-8ADA-168AF2E95C67}.Release|x86.Build.0 = Release|Any CPU
	EndGlobalSection
	GlobalSection(SolutionProperties) = preSolution
		HideSolutionNode = FALSE
	EndGlobalSection
	GlobalSection(ExtensibilityGlobals) = postSolution
		SolutionGuid = {9CA29C22-71DA-4BF4-A89E-C751AFE055A4}
	EndGlobalSection
EndGlobal